{
    "hash": "466e4957c3c5c5afa07f3fa0e0622c43",
    "packages": [
        {
            "name": "rtens/collections",
            "version": "dev-master",
            "source": {
                "type": "git",
                "url": "https://github.com/rtens/collections.git",
                "reference": "e6f268ff6ae4937752908d9a62d4f4eea4c3d213"
            },
            "dist": {
                "type": "zip",
                "url": "https://api.github.com/repos/rtens/collections/zipball/e6f268ff6ae4937752908d9a62d4f4eea4c3d213",
                "reference": "e6f268ff6ae4937752908d9a62d4f4eea4c3d213",
                "shasum": ""
            },
            "require": {
                "php": ">=5.3.2",
                "rtens/smokey": "*"
            },
            "time": "2013-02-15 12:55:17",
            "type": "library",
            "autoload": {
                "psr-0": {
                    "spec\\rtens\\collections": "",
                    "rtens\\collections": "src/"
                }
            },
            "notification-url": "http://packagist.org/downloads/",
            "license": [
                "MIT"
            ],
            "authors": [
                {
                    "name": "Nikolas Martens",
                    "email": "Nikolas.M@rtens.org",
                    "homepage": "http://rtens.org"
                }
            ],
            "description": "Array wrapper for more structured collections for PHP",
            "homepage": "http://github.com/rtens/collections",
            "keywords": [
                "collection",
                "data structure",
                "watoki"
            ]
        },
        {
            "name": "rtens/smokey",
            "version": "dev-master",
            "source": {
                "type": "git",
                "url": "https://github.com/rtens/smokey.git",
                "reference": "0c991a7a4fda01517d4aad7de87db5a44ea6160f"
            },
            "dist": {
                "type": "zip",
                "url": "https://api.github.com/repos/rtens/smokey/zipball/0c991a7a4fda01517d4aad7de87db5a44ea6160f",
                "reference": "0c991a7a4fda01517d4aad7de87db5a44ea6160f",
                "shasum": ""
            },
            "require": {
                "php": ">=5.3.2"
            },
            "time": "2012-10-23 07:54:23",
            "type": "library",
            "autoload": {
                "psr-0": {
                    "spec\\rtens\\smokey": "",
                    "rtens\\smokey": "src/"
                }
            },
            "notification-url": "http://packagist.org/downloads/",
            "license": [
                "MIT"
            ],
            "authors": [
                {
                    "name": "Nikolas Martens",
                    "email": "Nikolas.M@rtens.org",
                    "homepage": "http://rtens.org"
                }
            ],
            "description": "Simple runtime event dispatcher for PHP",
            "homepage": "http://github.com/rtens/smokey",
            "keywords": [
                "event",
                "event dispatcher",
                "watoki"
            ]
        }
    ],
    "packages-dev": null,
    "aliases": [

    ],
    "minimum-stability": "dev",
    "stability-flags": [

    ]
}
